
Microsoft Visual Studio Solution File, Format Version 12.00
# Visual Studio 2013
VisualStudioVersion = 12.0.30501.0
MinimumVisualStudioVersion = 10.0.40219.1
Project("{FAE04EC0-301F-11D3-BF4B-00C04F79EFBC}") = "LCT", "LCT\LCT.csproj", "{3A7A1000-A104-48F8-A432-EFA34234D8C3}"
EndProject
Project("{FAE04EC0-301F-11D3-BF4B-00C04F79EFBC}") = "LCT.Tests", "LCT.Tests\LCT.Tests.csproj", "{FB924221-6D18-451C-AF03-AFEED5394717}"
EndProject
Global
	GlobalSection(SolutionConfigurationPlatforms) = preSolution
		Debug|Any CPU = Debug|Any CPU
		Release|Any CPU = Release|Any CPU
	EndGlobalSection
	GlobalSection(ProjectConfigurationPlatforms) = postSolution
		{3A7A1000-A104-48F8-A432-EFA34234D8C3}.Debug|Any CPU.ActiveCfg = Debug|Any CPU
		{3A7A1000-A104-48F8-A432-EFA34234D8C3}.Debug|Any CPU.Build.0 = Debug|Any CPU
		{3A7A1000-A104-48F8-A432-EFA34234D8C3}.Release|Any CPU.ActiveCfg = Release|Any CPU
		{3A7A1000-A104-48F8-A432-EFA34234D8C3}.Release|Any CPU.Build.0 = Release|Any CPU
		{FB924221-6D18-451C-AF03-AFEED5394717}.Debug|Any CPU.ActiveCfg = Debug|Any CPU
		{FB924221-6D18-451C-AF03-AFEED5394717}.Debug|Any CPU.Build.0 = Debug|Any CPU
		{FB924221-6D18-451C-AF03-AFEED5394717}.Release|Any CPU.ActiveCfg = Release|Any CPU
		{FB924221-6D18-451C-AF03-AFEED5394717}.Release|Any CPU.Build.0 = Release|Any CPU
	EndGlobalSection
	GlobalSection(SolutionProperties) = preSolution
		HideSolutionNode = FALSE
	EndGlobalSection
EndGlobal
